lockfileVersion: '9.0'

settings:
  autoInstallPeers: true
  excludeLinksFromLockfile: false

importers:

  .:
    devDependencies:
      '@playwright/test':
        specifier: 1.64.0
        version: 1.64.0
      '@types/pngjs':
        specifier: 6.0.5
        version: 6.0.5
      pngjs:
        specifier: 7.0.0
        version: 7.0.0

packages:

  '@playwright/test@1.64.0':
    resolution: {integrity: sha512-oTN9FNYuN6bqQMwiho6jJKLCG2/QOYCixGXuCjRmzOq23eODeukuY2XiAVoVpAECbuezMt1MHQjAiQxK8F+Y+g==}
    engines: {node: '>=20'}
    hasBin: true

  '@types/node@26.6.3':
    resolution: {integrity: sha512-dsqMQQoeTLqu9wynDD00q573mNzso3IdQOAfHRJqLCcmCFPoGo9A1bDpUcv/9tnKpErQWv9uKeGfl37EIS02Yg==}

  '@types/pngjs@6.0.5':
    resolution: {integrity: sha512-0k5eKfrA83JOZPppLtS2C7OUtyNAl2wKNxfyYl9Q5g9lPkgBl/9hNyAu6HuEH2J4XmIv2znEpkDd0SaZVxW6iQ==}

  playwright-core@1.64.0:
    resolution: {integrity: sha512-T9r+MZkTECl2+oUcZ26YgZzTrYidTsIhYYkJix+6iDOymOb1FB2RLLSOxRGnZGv5DStt+aduIVbt+E8WygXYpg==}
    engines: {node: '>=20'}
    hasBin: true

  playwright@1.64.0:
    resolution: {integrity: sha512-kVzTnYFYEyQ9RGzBjNCd2+yEqWmVbxl3AHPynv3qQ6JTjv4a+kwRcnqQwIpuP3NnrnIrE/Q6wWAIAvMfIE2/Yg==}
    engines: {node: '>=20'}
    hasBin: true

  pngjs@7.0.0:
    resolution: {integrity: sha512-LKWqWJRhstyYo9pGvgor/ivk2w94eSjE3RGVuzLGlr3NmD8bf7RcYGze1mNdEHRP6TRP6rMuDHk5t44hnTRyow==}
    engines: {node: '>=14.19.0'}

  undici-types@8.9.0:
    resolution: {integrity: sha512-KTDyRTYX8sWmKXAikPHHSyc63CRPETMctyjKFupcC6OBLXT3xsN0e9aF7m+mIXutFWpUXuedtowG7iLOzp0kQg==}

snapshots:

  '@playwright/test@1.64.0':
    dependencies:
      playwright: 1.64.0

  '@types/node@26.6.3':
    dependencies:
      undici-types: 8.9.0

  '@types/pngjs@6.0.5':
    dependencies:
      '@types/node': 26.6.3

  playwright-core@1.64.0: {}

  playwright@1.64.0:
    dependencies:
      playwright-core: 1.64.0

  pngjs@7.0.0: {}

  undici-types@8.9.0: {}
